
Microsoft Visual Studio Solution File, Format Version 10.00
# Visual Studio 2008
Project("{E24C65DC-7377-472B-9ABA-BC803B73C61A}") = "SSM_WebServices", "D:\study\ky 7\Lap trinh web\Project\SSM_WebServices\", "{926BA36E-7E4F-4072-8910-04228ADA550A}"
	ProjectSection(WebsiteProperties) = preProject
		TargetFramework = "3.5"
		ProjectReferences = "{20532FE6-BFA4-4400-B983-E6EF70428B99}|DAO.dll;{E1DEA307-7FFD-4D8D-B41D-3BD5A1CD2783}|DTO.dll;"
		Debug.AspNetCompiler.VirtualPath = "/SSM_WebServices"
		Debug.AspNetCompiler.PhysicalPath = "D:\study\ky 7\Lap trinh web\Project\SSM_WebServices\"
		Debug.AspNetCompiler.TargetPath = "PrecompiledWeb\SSM_WebServices\"
		Debug.AspNetCompiler.Updateable = "true"
		Debug.AspNetCompiler.ForceOverwrite = "true"
		Debug.AspNetCompiler.FixedNames = "false"
		Debug.AspNetCompiler.Debug = "True"
		Release.AspNetCompiler.VirtualPath = "/SSM_WebServices"
		Release.AspNetCompiler.PhysicalPath = "D:\study\ky 7\Lap trinh web\Project\SSM_WebServices\"
		Release.AspNetCompiler.TargetPath = "PrecompiledWeb\SSM_WebServices\"
		Release.AspNetCompiler.Updateable = "true"
		Release.AspNetCompiler.ForceOverwrite = "true"
		Release.AspNetCompiler.FixedNames = "false"
		Release.AspNetCompiler.Debug = "False"
		VWDPort = "55273"
		DefaultWebSiteLanguage = "Visual C#"
	EndProjectSection
EndProject
Project("{FAE04EC0-301F-11D3-BF4B-00C04F79EFBC}") = "DAO", "DAO\DAO.csproj", "{20532FE6-BFA4-4400-B983-E6EF70428B99}"
EndProject
Project("{FAE04EC0-301F-11D3-BF4B-00C04F79EFBC}") = "DTO", "DTO\DTO.csproj", "{E1DEA307-7FFD-4D8D-B41D-3BD5A1CD2783}"
EndProject
Global
	GlobalSection(SolutionConfigurationPlatforms) = preSolution
		Debug|.NET = Debug|.NET
		Debug|Any CPU = Debug|Any CPU
		Debug|Mixed Platforms = Debug|Mixed Platforms
		Release|.NET = Release|.NET
		Release|Any CPU = Release|Any CPU
		Release|Mixed Platforms = Release|Mixed Platforms
	EndGlobalSection
	GlobalSection(ProjectConfigurationPlatforms) = postSolution
		{926BA36E-7E4F-4072-8910-04228ADA550A}.Debug|.NET.ActiveCfg = Debug|.NET
		{926BA36E-7E4F-4072-8910-04228ADA550A}.Debug|.NET.Build.0 = Debug|.NET
		{926BA36E-7E4F-4072-8910-04228ADA550A}.Debug|Any CPU.ActiveCfg = Debug|.NET
		{926BA36E-7E4F-4072-8910-04228ADA550A}.Debug|Mixed Platforms.ActiveCfg = Debug|.NET
		{926BA36E-7E4F-4072-8910-04228ADA550A}.Debug|Mixed Platforms.Build.0 = Debug|.NET
		{926BA36E-7E4F-4072-8910-04228ADA550A}.Release|.NET.ActiveCfg = Debug|.NET
		{926BA36E-7E4F-4072-8910-04228ADA550A}.Release|.NET.Build.0 = Debug|.NET
		{926BA36E-7E4F-4072-8910-04228ADA550A}.Release|Any CPU.ActiveCfg = Debug|.NET
		{926BA36E-7E4F-4072-8910-04228ADA550A}.Release|Mixed Platforms.ActiveCfg = Debug|.NET
		{926BA36E-7E4F-4072-8910-04228ADA550A}.Release|Mixed Platforms.Build.0 = Debug|.NET
		{20532FE6-BFA4-4400-B983-E6EF70428B99}.Debug|.NET.ActiveCfg = Debug|Any CPU
		{20532FE6-BFA4-4400-B983-E6EF70428B99}.Debug|Any CPU.ActiveCfg = Debug|Any CPU
		{20532FE6-BFA4-4400-B983-E6EF70428B99}.Debug|Any CPU.Build.0 = Debug|Any CPU
		{20532FE6-BFA4-4400-B983-E6EF70428B99}.Debug|Mixed Platforms.ActiveCfg = Debug|Any CPU
		{20532FE6-BFA4-4400-B983-E6EF70428B99}.Debug|Mixed Platforms.Build.0 = Debug|Any CPU
		{20532FE6-BFA4-4400-B983-E6EF70428B99}.Release|.NET.ActiveCfg = Release|Any CPU
		{20532FE6-BFA4-4400-B983-E6EF70428B99}.Release|Any CPU.ActiveCfg = Release|Any CPU
		{20532FE6-BFA4-4400-B983-E6EF70428B99}.Release|Any CPU.Build.0 = Release|Any CPU
		{20532FE6-BFA4-4400-B983-E6EF70428B99}.Release|Mixed Platforms.ActiveCfg = Release|Any CPU
		{20532FE6-BFA4-4400-B983-E6EF70428B99}.Release|Mixed Platforms.Build.0 = Release|Any CPU
		{E1DEA307-7FFD-4D8D-B41D-3BD5A1CD2783}.Debug|.NET.ActiveCfg = Debug|Any CPU
		{E1DEA307-7FFD-4D8D-B41D-3BD5A1CD2783}.Debug|Any CPU.ActiveCfg = Debug|Any CPU
		{E1DEA307-7FFD-4D8D-B41D-3BD5A1CD2783}.Debug|Any CPU.Build.0 = Debug|Any CPU
		{E1DEA307-7FFD-4D8D-B41D-3BD5A1CD2783}.Debug|Mixed Platforms.ActiveCfg = Debug|Any CPU
		{E1DEA307-7FFD-4D8D-B41D-3BD5A1CD2783}.Debug|Mixed Platforms.Build.0 = Debug|Any CPU
		{E1DEA307-7FFD-4D8D-B41D-3BD5A1CD2783}.Release|.NET.ActiveCfg = Release|Any CPU
		{E1DEA307-7FFD-4D8D-B41D-3BD5A1CD2783}.Release|Any CPU.ActiveCfg = Release|Any CPU
		{E1DEA307-7FFD-4D8D-B41D-3BD5A1CD2783}.Release|Any CPU.Build.0 = Release|Any CPU
		{E1DEA307-7FFD-4D8D-B41D-3BD5A1CD2783}.Release|Mixed Platforms.ActiveCfg = Release|Any CPU
		{E1DEA307-7FFD-4D8D-B41D-3BD5A1CD2783}.Release|Mixed Platforms.Build.0 = Release|Any CPU
	EndGlobalSection
	GlobalSection(SolutionProperties) = preSolution
		HideSolutionNode = FALSE
	EndGlobalSection
EndGlobal
